
Microsoft Visual Studio Solution File, Format Version 12.00
# Visual Studio Version 17
VisualStudioVersion = 17.8.34330.188
MinimumVisualStudioVersion = 10.0.40219.1
Project("{FAE04EC0-301F-11D3-BF4B-00C04F79EFBC}") = "саод4-5", "саод4-5\саод4-5.csproj", "{C7A009FA-5966-4B77-AD2C-EFE89713F364}"
EndProject
Global
	GlobalSection(SolutionConfigurationPlatforms) = preSolution
		Debug|Any CPU = Debug|Any CPU
		Release|Any CPU = Release|Any CPU
	EndGlobalSection
	GlobalSection(ProjectConfigurationPlatforms) = postSolution
		{C7A009FA-5966-4B77-AD2C-EFE89713F364}.Debug|Any CPU.ActiveCfg = Debug|Any CPU
		{C7A009FA-5966-4B77-AD2C-EFE89713F364}.Debug|Any CPU.Build.0 = Debug|Any CPU
		{C7A009FA-5966-4B77-AD2C-EFE89713F364}.Release|Any CPU.ActiveCfg = Release|Any CPU
		{C7A009FA-5966-4B77-AD2C-EFE89713F364}.Release|Any CPU.Build.0 = Release|Any CPU
	EndGlobalSection
	GlobalSection(SolutionProperties) = preSolution
		HideSolutionNode = FALSE
	EndGlobalSection
	GlobalSection(ExtensibilityGlobals) = postSolution
		SolutionGuid = {012C9661-ED2D-4749-91CD-3A70E12D6681}
	EndGlobalSection
EndGlobal
